
Microsoft Visual Studio Solution File, Format Version 12.00
# Visual Studio Version 16
VisualStudioVersion = 16.0.30320.27
MinimumVisualStudioVersion = 10.0.40219.1
Project("{8BC9CEB8-8B4A-11D0-8D11-00A0C91BC942}") = "PlagTheSpire", "PlagTheSpire\PlagTheSpire.vcxproj", "{71D18CFC-6846-4560-9E6C-3EB9DC822D46}"
EndProject
Global
	GlobalSection(SolutionConfigurationPlatforms) = preSolution
		Debug|x64 = Debug|x64
		Debug|x86 = Debug|x86
		Release|x64 = Release|x64
		Release|x86 = Release|x86
	EndGlobalSection
	GlobalSection(ProjectConfigurationPlatforms) = postSolution
		{71D18CFC-6846-4560-9E6C-3EB9DC822D46}.Debug|x64.ActiveCfg = Debug|x64
		{71D18CFC-6846-4560-9E6C-3EB9DC822D46}.Debug|x64.Build.0 = Debug|x64
		{71D18CFC-6846-4560-9E6C-3EB9DC822D46}.Debug|x86.ActiveCfg = Debug|Win32
		{71D18CFC-6846-4560-9E6C-3EB9DC822D46}.Debug|x86.Build.0 = Debug|Win32
		{71D18CFC-6846-4560-9E6C-3EB9DC822D46}.Release|x64.ActiveCfg = Release|x64
		{71D18CFC-6846-4560-9E6C-3EB9DC822D46}.Release|x64.Build.0 = Release|x64
		{71D18CFC-6846-4560-9E6C-3EB9DC822D46}.Release|x86.ActiveCfg = Release|Win32
		{71D18CFC-6846-4560-9E6C-3EB9DC822D46}.Release|x86.Build.0 = Release|Win32
	EndGlobalSection
	GlobalSection(SolutionProperties) = preSolution
		HideSolutionNode = FALSE
	EndGlobalSection
	GlobalSection(ExtensibilityGlobals) = postSolution
		SolutionGuid = {B68C0121-AF3C-4BE4-9491-CFAE2201EE99}
	EndGlobalSection
EndGlobal
